
Microsoft Visual Studio Solution File, Format Version 12.00
# Visual Studio 15
VisualStudioVersion = 15.0.27130.2036
MinimumVisualStudioVersion = 10.0.40219.1
Project("{FAE04EC0-301F-11D3-BF4B-00C04F79EFBC}") = "Spart.Tests", "Spart.Tests\Spart.Tests.csproj", "{10227595-2157-4A23-81AB-EA7ED62156D2}"
EndProject
Project("{FAE04EC0-301F-11D3-BF4B-00C04F79EFBC}") = "Spart", "Spart\Spart.csproj", "{C1E65EBF-54BB-4994-97BF-25D4EC9B1596}"
EndProject
Global
	GlobalSection(SolutionConfigurationPlatforms) = preSolution
		Debug|Any CPU = Debug|Any CPU
		Release|Any CPU = Release|Any CPU
	EndGlobalSection
	GlobalSection(ProjectConfigurationPlatforms) = postSolution
		{10227595-2157-4A23-81AB-EA7ED62156D2}.Debug|Any CPU.ActiveCfg = Debug|Any CPU
		{10227595-2157-4A23-81AB-EA7ED62156D2}.Debug|Any CPU.Build.0 = Debug|Any CPU
		{10227595-2157-4A23-81AB-EA7ED62156D2}.Release|Any CPU.ActiveCfg = Release|Any CPU
		{10227595-2157-4A23-81AB-EA7ED62156D2}.Release|Any CPU.Build.0 = Release|Any CPU
		{C1E65EBF-54BB-4994-97BF-25D4EC9B1596}.Debug|Any CPU.ActiveCfg = Debug|Any CPU
		{C1E65EBF-54BB-4994-97BF-25D4EC9B1596}.Debug|Any CPU.Build.0 = Debug|Any CPU
		{C1E65EBF-54BB-4994-97BF-25D4EC9B1596}.Release|Any CPU.ActiveCfg = Release|Any CPU
		{C1E65EBF-54BB-4994-97BF-25D4EC9B1596}.Release|Any CPU.Build.0 = Release|Any CPU
	EndGlobalSection
	GlobalSection(SolutionProperties) = preSolution
		HideSolutionNode = FALSE
	EndGlobalSection
	GlobalSection(ExtensibilityGlobals) = postSolution
		SolutionGuid = {EC08999C-2F54-482E-8894-F980C47C0ADF}
	EndGlobalSection
EndGlobal
